
Microsoft Visual Studio Solution File, Format Version 12.00
# Visual Studio Version 17
VisualStudioVersion = 17.6.33829.357
MinimumVisualStudioVersion = 10.0.40219.1
Project("{FAE04EC0-301F-11D3-BF4B-00C04F79EFBC}") = "CreateInMemoryPDFs", "CreateInMemoryPDFs.csproj", "{FCDC2BBC-C5DA-41C8-9DA6-03B022C8F061}"
EndProject
Global
	GlobalSection(SolutionConfigurationPlatforms) = preSolution
		Debug|Any CPU = Debug|Any CPU
		Release|Any CPU = Release|Any CPU
	EndGlobalSection
	GlobalSection(ProjectConfigurationPlatforms) = postSolution
		{FCDC2BBC-C5DA-41C8-9DA6-03B022C8F061}.Debug|Any CPU.ActiveCfg = Debug|Any CPU
		{FCDC2BBC-C5DA-41C8-9DA6-03B022C8F061}.Debug|Any CPU.Build.0 = Debug|Any CPU
		{FCDC2BBC-C5DA-41C8-9DA6-03B022C8F061}.Release|Any CPU.ActiveCfg = Release|Any CPU
		{FCDC2BBC-C5DA-41C8-9DA6-03B022C8F061}.Release|Any CPU.Build.0 = Release|Any CPU
	EndGlobalSection
	GlobalSection(SolutionProperties) = preSolution
		HideSolutionNode = FALSE
	EndGlobalSection
	GlobalSection(ExtensibilityGlobals) = postSolution
		SolutionGuid = {3F003834-5F44-45E1-A5E9-5645D5C937D8}
	EndGlobalSection
EndGlobal
